// !$*UTF8*$!
{
	archiveVersion = 1;
	classes = {
	};
	objectVersion = 46;
	objects = {

/* Begin PBXBuildFile section */
		1EB061784A38E7C2C95A1D42 /* Pods_RPiProject.framework in Frameworks */ = {isa = PBXBuildFile; fileRef = E3BF00FB3FF4EF52EECE1A58 /* Pods_RPiProject.framework */; };
		897B0A661D6D4A1900B59421 /* AppDelegate.swift in Sources */ = {isa = PBXBuildFile; fileRef = 897B0A651D6D4A1900B59421 /* AppDelegate.swift */; };
		897B0A6D1D6D4A1900B59421 /* Assets.xcassets in Resources */ = {isa = PBXBuildFile; fileRef = 897B0A6C1D6D4A1900B59421 /* Assets.xcassets */; };
		897B0A701D6D4A1900B59421 /* LaunchScreen.storyboard in Resources */ = {isa = PBXBuildFile; fileRef = 897B0A6E1D6D4A1900B59421 /* LaunchScreen.storyboard */; };
		897B0A7A1D6D51CD00B59421 /* MainViewController.swift in Sources */ = {isa = PBXBuildFile; fileRef = 897B0A791D6D51CD00B59421 /* MainViewController.swift */; };
		897B0A7E1D6DA71600B59421 /* Client.swift in Sources */ = {isa = PBXBuildFile; fileRef = 897B0A7D1D6DA71600B59421 /* Client.swift */; };
		899A913E1D6FEA1E00115989 /* Button.swift in Sources */ = {isa = PBXBuildFile; fileRef = 899A91371D6FEA1E00115989 /* Button.swift */; };
		899A913F1D6FEA1E00115989 /* CarViewController.swift in Sources */ = {isa = PBXBuildFile; fileRef = 899A91381D6FEA1E00115989 /* CarViewController.swift */; };
		899A91401D6FEA1E00115989 /* DHT11ViewController.swift in Sources */ = {isa = PBXBuildFile; fileRef = 899A91391D6FEA1E00115989 /* DHT11ViewController.swift */; };
		899A91421D6FEA1E00115989 /* LEDViewController.swift in Sources */ = {isa = PBXBuildFile; fileRef = 899A913C1D6FEA1E00115989 /* LEDViewController.swift */; };
		899A91431D6FEA1E00115989 /* ModulesViewController.swift in Sources */ = {isa = PBXBuildFile; fileRef = 899A913D1D6FEA1E00115989 /* ModulesViewController.swift */; };
		899A91461D6FEAA500115989 /* Main.storyboard in Resources */ = {isa = PBXBuildFile; fileRef = 899A91441D6FEAA500115989 /* Main.storyboard */; };
		899A914A1D6FED9200115989 /* libstdc++.6.0.9.tbd in Frameworks */ = {isa = PBXBuildFile; fileRef = 899A91491D6FED9200115989 /* libstdc++.6.0.9.tbd */; };
/* End PBXBuildFile section */

/* Begin PBXFileReference section */
		3F60BA1FCD8EAB062C13D63C /* Pods-RPiProject.release.xcconfig */ = {isa = PBXFileReference; includeInIndex = 1; lastKnownFileType = text.xcconfig; name = "Pods-RPiProject.release.xcconfig"; path = "Pods/Target Support Files/Pods-RPiProject/Pods-RPiProject.release.xcconfig"; sourceTree = "<group>"; };
		897B0A621D6D4A1900B59421 /* RPiProject.app */ = {isa = PBXFileReference; explicitFileType = wrapper.application; includeInIndex = 0; path = RPiProject.app; sourceTree = BUILT_PRODUCTS_DIR; };
		897B0A651D6D4A1900B59421 /* AppDelegate.swift */ = {isa = PBXFileReference; lastKnownFileType = sourcecode.swift; path = AppDelegate.swift; sourceTree = "<group>"; };
		897B0A6C1D6D4A1900B59421 /* Assets.xcassets */ = {isa = PBXFileReference; lastKnownFileType = folder.assetcatalog; path = Assets.xcassets; sourceTree = "<group>"; };
		897B0A6F1D6D4A1900B59421 /* Base */ = {isa = PBXFileReference; lastKnownFileType = file.storyboard; name = Base; path = Base.lproj/LaunchScreen.storyboard; sourceTree = "<group>"; };
		897B0A711D6D4A1900B59421 /* Info.plist */ = {isa = PBXFileReference; lastKnownFileType = text.plist.xml; path = Info.plist; sourceTree = "<group>"; };
		897B0A791D6D51CD00B59421 /* MainViewController.swift */ = {isa = PBXFileReference; fileEncoding = 4; lastKnownFileType = sourcecode.swift; path = MainViewController.swift; sourceTree = "<group>"; };
		897B0A7D1D6DA71600B59421 /* Client.swift */ = {isa = PBXFileReference; fileEncoding = 4; lastKnownFileType = sourcecode.swift; path = Client.swift; sourceTree = "<group>"; };
		899A91361D6FE96B00115989 /* RPiProject-Bridging-Header.h */ = {isa = PBXFileReference; lastKnownFileType = sourcecode.c.h; path = "RPiProject-Bridging-Header.h"; sourceTree = "<group>"; };
		899A91371D6FEA1E00115989 /* Button.swift */ = {isa = PBXFileReference; fileEncoding = 4; lastKnownFileType = sourcecode.swift; path = Button.swift; sourceTree = "<group>"; };
		899A91381D6FEA1E00115989 /* CarViewController.swift */ = {isa = PBXFileReference; fileEncoding = 4; lastKnownFileType = sourcecode.swift; path = CarViewController.swift; sourceTree = "<group>"; };
		899A91391D6FEA1E00115989 /* DHT11ViewController.swift */ = {isa = PBXFileReference; fileEncoding = 4; lastKnownFileType = sourcecode.swift; path = DHT11ViewController.swift; sourceTree = "<group>"; };
		899A913C1D6FEA1E00115989 /* LEDViewController.swift */ = {isa = PBXFileReference; fileEncoding = 4; lastKnownFileType = sourcecode.swift; path = LEDViewController.swift; sourceTree = "<group>"; };
		899A913D1D6FEA1E00115989 /* ModulesViewController.swift */ = {isa = PBXFileReference; fileEncoding = 4; lastKnownFileType = sourcecode.swift; path = ModulesViewController.swift; sourceTree = "<group>"; };
		899A91451D6FEAA500115989 /* Base */ = {isa = PBXFileReference; lastKnownFileType = file.storyboard; name = Base; path = Base.lproj/Main.storyboard; sourceTree = "<group>"; };
		899A91471D6FED8300115989 /* libstdc++.tbd */ = {isa = PBXFileReference; lastKnownFileType = "sourcecode.text-based-dylib-definition"; name = "libstdc++.tbd"; path = "usr/lib/libstdc++.tbd"; sourceTree = SDKROOT; };
		899A91491D6FED9200115989 /* libstdc++.6.0.9.tbd */ = {isa = PBXFileReference; lastKnownFileType = "sourcecode.text-based-dylib-definition"; name = "libstdc++.6.0.9.tbd"; path = "usr/lib/libstdc++.6.0.9.tbd"; sourceTree = SDKROOT; };
		B0C75AD06B69A96A4CDAB6EF /* Pods-RPiProject.debug.xcconfig */ = {isa = PBXFileReference; includeInIndex = 1; lastKnownFileType = text.xcconfig; name = "Pods-RPiProject.debug.xcconfig"; path = "Pods/Target Support Files/Pods-RPiProject/Pods-RPiProject.debug.xcconfig"; sourceTree = "<group>"; };
		E3BF00FB3FF4EF52EECE1A58 /* Pods_RPiProject.framework */ = {isa = PBXFileReference; explicitFileType = wrapper.framework; includeInIndex = 0; path = Pods_RPiProject.framework; sourceTree = BUILT_PRODUCTS_DIR; };
/* End PBXFileReference section */

/* Begin PBXFrameworksBuildPhase section */
		897B0A5F1D6D4A1900B59421 /* Frameworks */ = {
			isa = PBXFrameworksBuildPhase;
			buildActionMask = 2147483647;
			files = (
				899A914A1D6FED9200115989 /* libstdc++.6.0.9.tbd in Frameworks */,
				1EB061784A38E7C2C95A1D42 /* Pods_RPiProject.framework in Frameworks */,
			);
			runOnlyForDeploymentPostprocessing = 0;
		};
/* End PBXFrameworksBuildPhase section */

/* Begin PBXGroup section */
		12503ABD4B38EC0F0D3238A6 /* Frameworks */ = {
			isa = PBXGroup;
			children = (
				899A91491D6FED9200115989 /* libstdc++.6.0.9.tbd */,
				899A91471D6FED8300115989 /* libstdc++.tbd */,
				E3BF00FB3FF4EF52EECE1A58 /* Pods_RPiProject.framework */,
			);
			name = Frameworks;
			sourceTree = "<group>";
		};
		897B0A591D6D4A1900B59421 = {
			isa = PBXGroup;
			children = (
				897B0A641D6D4A1900B59421 /* RPiProject */,
				897B0A631D6D4A1900B59421 /* Products */,
				B45AAACAA32948AF3BB09FA5 /* Pods */,
				12503ABD4B38EC0F0D3238A6 /* Frameworks */,
			);
			sourceTree = "<group>";
		};
		897B0A631D6D4A1900B59421 /* Products */ = {
			isa = PBXGroup;
			children = (
				897B0A621D6D4A1900B59421 /* RPiProject.app */,
			);
			name = Products;
			sourceTree = "<group>";
		};
		897B0A641D6D4A1900B59421 /* RPiProject */ = {
			isa = PBXGroup;
			children = (
				899A91371D6FEA1E00115989 /* Button.swift */,
				897B0A7D1D6DA71600B59421 /* Client.swift */,
				897B0A651D6D4A1900B59421 /* AppDelegate.swift */,
				897B0A791D6D51CD00B59421 /* MainViewController.swift */,
				899A913D1D6FEA1E00115989 /* ModulesViewController.swift */,
				899A913C1D6FEA1E00115989 /* LEDViewController.swift */,
				899A91391D6FEA1E00115989 /* DHT11ViewController.swift */,
				899A91381D6FEA1E00115989 /* CarViewController.swift */,
				899A91361D6FE96B00115989 /* RPiProject-Bridging-Header.h */,
				899A91441D6FEAA500115989 /* Main.storyboard */,
				897B0A771D6D518600B59421 /* Resource */,
			);
			path = RPiProject;
			sourceTree = "<group>";
		};
		897B0A771D6D518600B59421 /* Resource */ = {
			isa = PBXGroup;
			children = (
				897B0A6C1D6D4A1900B59421 /* Assets.xcassets */,
				897B0A711D6D4A1900B59421 /* Info.plist */,
				897B0A6E1D6D4A1900B59421 /* LaunchScreen.storyboard */,
			);
			name = Resource;
			sourceTree = "<group>";
		};
		B45AAACAA32948AF3BB09FA5 /* Pods */ = {
			isa = PBXGroup;
			children = (
				B0C75AD06B69A96A4CDAB6EF /* Pods-RPiProject.debug.xcconfig */,
				3F60BA1FCD8EAB062C13D63C /* Pods-RPiProject.release.xcconfig */,
			);
			name = Pods;
			sourceTree = "<group>";
		};
/* End PBXGroup section */

/* Begin PBXNativeTarget section */
		897B0A611D6D4A1900B59421 /* RPiProject */ = {
			isa = PBXNativeTarget;
			buildConfigurationList = 897B0A741D6D4A1900B59421 /* Build configuration list for PBXNativeTarget "RPiProject" */;
			buildPhases = (
				CD8DEEB43222E137E441691C /* [CP] Check Pods Manifest.lock */,
				897B0A5E1D6D4A1900B59421 /* Sources */,
				897B0A5F1D6D4A1900B59421 /* Frameworks */,
				897B0A601D6D4A1900B59421 /* Resources */,
				41173FA01BD2DC9FCFBC5682 /* [CP] Embed Pods Frameworks */,
				6F2034C32FAAA2C73909CFB6 /* [CP] Copy Pods Resources */,
			);
			buildRules = (
			);
			dependencies = (
			);
			name = RPiProject;
			productName = RPiProject;
			productReference = 897B0A621D6D4A1900B59421 /* RPiProject.app */;
			productType = "com.apple.product-type.application";
		};
/* End PBXNativeTarget section */

/* Begin PBXProject section */
		897B0A5A1D6D4A1900B59421 /* Project object */ = {
			isa = PBXProject;
			attributes = {
				LastSwiftUpdateCheck = 0730;
				LastUpgradeCheck = 0730;
				ORGANIZATIONNAME = haozhang;
				TargetAttributes = {
					897B0A611D6D4A1900B59421 = {
						CreatedOnToolsVersion = 7.3.1;
						DevelopmentTeam = 8SD2M5DM33;
					};
				};
			};
			buildConfigurationList = 897B0A5D1D6D4A1900B59421 /* Build configuration list for PBXProject "RPiProject" */;
			compatibilityVersion = "Xcode 3.2";
			developmentRegion = English;
			hasScannedForEncodings = 0;
			knownRegions = (
				en,
				Base,
			);
			mainGroup = 897B0A591D6D4A1900B59421;
			productRefGroup = 897B0A631D6D4A1900B59421 /* Products */;
			projectDirPath = "";
			projectRoot = "";
			targets = (
				897B0A611D6D4A1900B59421 /* RPiProject */,
			);
		};
/* End PBXProject section */

/* Begin PBXResourcesBuildPhase section */
		897B0A601D6D4A1900B59421 /* Resources */ = {
			isa = PBXResourcesBuildPhase;
			buildActionMask = 2147483647;
			files = (
				899A91461D6FEAA500115989 /* Main.storyboard in Resources */,
				897B0A701D6D4A1900B59421 /* LaunchScreen.storyboard in Resources */,
				897B0A6D1D6D4A1900B59421 /* Assets.xcassets in Resources */,
			);
			runOnlyForDeploymentPostprocessing = 0;
		};
/* End PBXResourcesBuildPhase section */

/* Begin PBXShellScriptBuildPhase section */
		41173FA01BD2DC9FCFBC5682 /* [CP] Embed Pods Frameworks */ = {
			isa = PBXShellScriptBuildPhase;
			buildActionMask = 2147483647;
			files = (
			);
			inputPaths = (
			);
			name = "[CP] Embed Pods Frameworks";
			outputPaths = (
			);
			runOnlyForDeploymentPostprocessing = 0;
			shellPath = /bin/sh;
			shellScript = "\"${SRCROOT}/Pods/Target Support Files/Pods-RPiProject/Pods-RPiProject-frameworks.sh\"\n";
			showEnvVarsInLog = 0;
		};
		6F2034C32FAAA2C73909CFB6 /* [CP] Copy Pods Resources */ = {
			isa = PBXShellScriptBuildPhase;
			buildActionMask = 2147483647;
			files = (
			);
			inputPaths = (
			);
			name = "[CP] Copy Pods Resources";
			outputPaths = (
			);
			runOnlyForDeploymentPostprocessing = 0;
			shellPath = /bin/sh;
			shellScript = "\"${SRCROOT}/Pods/Target Support Files/Pods-RPiProject/Pods-RPiProject-resources.sh\"\n";
			showEnvVarsInLog = 0;
		};
		CD8DEEB43222E137E441691C /* [CP] Check Pods Manifest.lock */ = {
			isa = PBXShellScriptBuildPhase;
			buildActionMask = 2147483647;
			files = (
			);
			inputPaths = (
			);
			name = "[CP] Check Pods Manifest.lock";
			outputPaths = (
			);
			runOnlyForDeploymentPostprocessing = 0;
			shellPath = /bin/sh;
			shellScript = "diff \"${PODS_ROOT}/../Podfile.lock\" \"${PODS_ROOT}/Manifest.lock\" > /dev/null\nif [[ $? != 0 ]] ; then\n    cat << EOM\nerror: The sandbox is not in sync with the Podfile.lock. Run 'pod install' or update your CocoaPods installation.\nEOM\n    exit 1\nfi\n";
			showEnvVarsInLog = 0;
		};
/* End PBXShellScriptBuildPhase section */

/* Begin PBXSourcesBuildPhase section */
		897B0A5E1D6D4A1900B59421 /* Sources */ = {
			isa = PBXSourcesBuildPhase;
			buildActionMask = 2147483647;
			files = (
				899A913E1D6FEA1E00115989 /* Button.swift in Sources */,
				899A91431D6FEA1E00115989 /* ModulesViewController.swift in Sources */,
				899A913F1D6FEA1E00115989 /* CarViewController.swift in Sources */,
				897B0A7E1D6DA71600B59421 /* Client.swift in Sources */,
				899A91421D6FEA1E00115989 /* LEDViewController.swift in Sources */,
				899A91401D6FEA1E00115989 /* DHT11ViewController.swift in Sources */,
				897B0A661D6D4A1900B59421 /* AppDelegate.swift in Sources */,
				897B0A7A1D6D51CD00B59421 /* MainViewController.swift in Sources */,
			);
			runOnlyForDeploymentPostprocessing = 0;
		};
/* End PBXSourcesBuildPhase section */

/* Begin PBXVariantGroup section */
		897B0A6E1D6D4A1900B59421 /* LaunchScreen.storyboard */ = {
			isa = PBXVariantGroup;
			children = (
				897B0A6F1D6D4A1900B59421 /* Base */,
			);
			name = LaunchScreen.storyboard;
			sourceTree = "<group>";
		};
		899A91441D6FEAA500115989 /* Main.storyboard */ = {
			isa = PBXVariantGroup;
			children = (
				899A91451D6FEAA500115989 /* Base */,
			);
			name = Main.storyboard;
			sourceTree = "<group>";
		};
/* End PBXVariantGroup section */

/* Begin XCBuildConfiguration section */
		897B0A721D6D4A1900B59421 /* Debug */ = {
			isa = XCBuildConfiguration;
			buildSettings = {
				ALWAYS_SEARCH_USER_PATHS = NO;
				CLANG_ANALYZER_NONNULL = YES;
				CLANG_CXX_LANGUAGE_STANDARD = "gnu++0x";
				CLANG_CXX_LIBRARY = "libc++";
				CLANG_ENABLE_MODULES = YES;
				CLANG_ENABLE_OBJC_ARC = YES;
				CLANG_WARN_BOOL_CONVERSION = YES;
				CLANG_WARN_CONSTANT_CONVERSION = YES;
				CLANG_WARN_DIRECT_OBJC_ISA_USAGE = YES_ERROR;
				CLANG_WARN_EMPTY_BODY = YES;
				CLANG_WARN_ENUM_CONVERSION = YES;
				CLANG_WARN_INT_CONVERSION = YES;
				CLANG_WARN_OBJC_ROOT_CLASS = YES_ERROR;
				CLANG_WARN_UNREACHABLE_CODE = YES;
				CLANG_WARN__DUPLICATE_METHOD_MATCH = YES;
				"CODE_SIGN_IDENTITY[sdk=iphoneos*]" = "iPhone Developer";
				COPY_PHASE_STRIP = NO;
				DEBUG_INFORMATION_FORMAT = dwarf;
				ENABLE_STRICT_OBJC_MSGSEND = YES;
				ENABLE_TESTABILITY = YES;
				GCC_C_LANGUAGE_STANDARD = gnu99;
				GCC_DYNAMIC_NO_PIC = NO;
				GCC_NO_COMMON_BLOCKS = YES;
				GCC_OPTIMIZATION_LEVEL = 0;
				GCC_PREPROCESSOR_DEFINITIONS = (
					"DEBUG=1",
					"$(inherited)",
				);
				GCC_WARN_64_TO_32_BIT_CONVERSION = YES;
				GCC_WARN_ABOUT_RETURN_TYPE = YES_ERROR;
				GCC_WARN_UNDECLARED_SELECTOR = YES;
				GCC_WARN_UNINITIALIZED_AUTOS = YES_AGGRESSIVE;
				GCC_WARN_UNUSED_FUNCTION = YES;
				GCC_WARN_UNUSED_VARIABLE = YES;
				IPHONEOS_DEPLOYMENT_TARGET = 9.3;
				MTL_ENABLE_DEBUG_INFO = YES;
				ONLY_ACTIVE_ARCH = YES;
				SDKROOT = iphoneos;
				SWIFT_OPTIMIZATION_LEVEL = "-Onone";
				TARGETED_DEVICE_FAMILY = "1,2";
			};
			name = Debug;
		};
		897B0A731D6D4A1900B59421 /* Release */ = {
			isa = XCBuildConfiguration;
			buildSettings = {
				ALWAYS_SEARCH_USER_PATHS = NO;
				CLANG_ANALYZER_NONNULL = YES;
				CLANG_CXX_LANGUAGE_STANDARD = "gnu++0x";
				CLANG_CXX_LIBRARY = "libc++";
				CLANG_ENABLE_MODULES = YES;
				CLANG_ENABLE_OBJC_ARC = YES;
				CLANG_WARN_BOOL_CONVERSION = YES;
				CLANG_WARN_CONSTANT_CONVERSION = YES;
				CLANG_WARN_DIRECT_OBJC_ISA_USAGE = YES_ERROR;
				CLANG_WARN_EMPTY_BODY = YES;
				CLANG_WARN_ENUM_CONVERSION = YES;
				CLANG_WARN_INT_CONVERSION = YES;
				CLANG_WARN_OBJC_ROOT_CLASS = YES_ERROR;
				CLANG_WARN_UNREACHABLE_CODE = YES;
				CLANG_WARN__DUPLICATE_METHOD_MATCH = YES;
				"CODE_SIGN_IDENTITY[sdk=iphoneos*]" = "iPhone Developer";
				COPY_PHASE_STRIP = NO;
				DEBUG_INFORMATION_FORMAT = "dwarf-with-dsym";
				ENABLE_NS_ASSERTIONS = NO;
				ENABLE_STRICT_OBJC_MSGSEND = YES;
				GCC_C_LANGUAGE_STANDARD = gnu99;
				GCC_NO_COMMON_BLOCKS = YES;
				GCC_WARN_64_TO_32_BIT_CONVERSION = YES;
				GCC_WARN_ABOUT_RETURN_TYPE = YES_ERROR;
				GCC_WARN_UNDECLARED_SELECTOR = YES;
				GCC_WARN_UNINITIALIZED_AUTOS = YES_AGGRESSIVE;
				GCC_WARN_UNUSED_FUNCTION = YES;
				GCC_WARN_UNUSED_VARIABLE = YES;
				IPHONEOS_DEPLOYMENT_TARGET = 9.3;
				MTL_ENABLE_DEBUG_INFO = NO;
				SDKROOT = iphoneos;
				TARGETED_DEVICE_FAMILY = "1,2";
				VALIDATE_PRODUCT = YES;
			};
			name = Release;
		};
		897B0A751D6D4A1900B59421 /* Debug */ = {
			isa = XCBuildConfiguration;
			baseConfigurationReference = B0C75AD06B69A96A4CDAB6EF /* Pods-RPiProject.debug.xcconfig */;
			buildSettings = {
				ASSETCATALOG_COMPILER_APPICON_NAME = AppIcon;
				CLANG_ENABLE_MODULES = YES;
				CODE_SIGN_IDENTITY = "iPhone Developer";
				"CODE_SIGN_IDENTITY[sdk=iphoneos*]" = "iPhone Developer";
				ENABLE_BITCODE = NO;
				INFOPLIST_FILE = RPiProject/Info.plist;
				IPHONEOS_DEPLOYMENT_TARGET = 8.4;
				LD_RUNPATH_SEARCH_PATHS = "$(inherited) @executable_path/Frameworks";
				PRODUCT_BUNDLE_IDENTIFIER = com.haozhang;
				PRODUCT_NAME = "$(TARGET_NAME)";
				PROVISIONING_PROFILE = "";
				SWIFT_OBJC_BRIDGING_HEADER = "RPiProject/RPiProject-Bridging-Header.h";
				SWIFT_OPTIMIZATION_LEVEL = "-Onone";
			};
			name = Debug;
		};
		897B0A761D6D4A1900B59421 /* Release */ = {
			isa = XCBuildConfiguration;
			baseConfigurationReference = 3F60BA1FCD8EAB062C13D63C /* Pods-RPiProject.release.xcconfig */;
			buildSettings = {
				ASSETCATALOG_COMPILER_APPICON_NAME = AppIcon;
				CLANG_ENABLE_MODULES = YES;
				CODE_SIGN_IDENTITY = "iPhone Developer";
				"CODE_SIGN_IDENTITY[sdk=iphoneos*]" = "iPhone Developer";
				ENABLE_BITCODE = NO;
				INFOPLIST_FILE = RPiProject/Info.plist;
				IPHONEOS_DEPLOYMENT_TARGET = 8.4;
				LD_RUNPATH_SEARCH_PATHS = "$(inherited) @executable_path/Frameworks";
				PRODUCT_BUNDLE_IDENTIFIER = com.haozhang;
				PRODUCT_NAME = "$(TARGET_NAME)";
				PROVISIONING_PROFILE = "";
				SWIFT_OBJC_BRIDGING_HEADER = "RPiProject/RPiProject-Bridging-Header.h";
			};
			name = Release;
		};
/* End XCBuildConfiguration section */

/* Begin XCConfigurationList section */
		897B0A5D1D6D4A1900B59421 /* Build configuration list for PBXProject "RPiProject" */ = {
			isa = XCConfigurationList;
			buildConfigurations = (
				897B0A721D6D4A1900B59421 /* Debug */,
				897B0A731D6D4A1900B59421 /* Release */,
			);
			defaultConfigurationIsVisible = 0;
			defaultConfigurationName = Release;
		};
		897B0A741D6D4A1900B59421 /* Build configuration list for PBXNativeTarget "RPiProject" */ = {
			isa = XCConfigurationList;
			buildConfigurations = (
				897B0A751D6D4A1900B59421 /* Debug */,
				897B0A761D6D4A1900B59421 /* Release */,
			);
			defaultConfigurationIsVisible = 0;
			defaultConfigurationName = Release;
		};
/* End XCConfigurationList section */
	};
	rootObject = 897B0A5A1D6D4A1900B59421 /* Project object */;
}
